
Microsoft Visual Studio Solution File, Format Version 12.00
# Visual Studio Version 16
VisualStudioVersion = 16.0.30128.74
MinimumVisualStudioVersion = 10.0.40219.1
Project("{FAE04EC0-301F-11D3-BF4B-00C04F79EFBC}") = "Tweetbook", "Tweetbook\Tweetbook.csproj", "{38D091A6-29E5-44DD-AEEC-64E297B95EBE}"
EndProject
Global
	GlobalSection(SolutionConfigurationPlatforms) = preSolution
		Debug|Any CPU = Debug|Any CPU
		Release|Any CPU = Release|Any CPU
	EndGlobalSection
	GlobalSection(ProjectConfigurationPlatforms) = postSolution
		{38D091A6-29E5-44DD-AEEC-64E297B95EBE}.Debug|Any CPU.ActiveCfg = Debug|Any CPU
		{38D091A6-29E5-44DD-AEEC-64E297B95EBE}.Debug|Any CPU.Build.0 = Debug|Any CPU
		{38D091A6-29E5-44DD-AEEC-64E297B95EBE}.Release|Any CPU.ActiveCfg = Release|Any CPU
		{38D091A6-29E5-44DD-AEEC-64E297B95EBE}.Release|Any CPU.Build.0 = Release|Any CPU
	EndGlobalSection
	GlobalSection(SolutionProperties) = preSolution
		HideSolutionNode = FALSE
	EndGlobalSection
	GlobalSection(ExtensibilityGlobals) = postSolution
		SolutionGuid = {77EACFD2-134C-4784-987F-1D5ABE23EB0E}
	EndGlobalSection
EndGlobal
